// !$*UTF8*$!
{
	archiveVersion = 1;
	classes = {
	};
	objectVersion = 46;
	objects = {

/* Begin PBXBuildFile section */
		7255FBA11CBAB04B0018D3B9 /* SourceKittenFramework.framework in Frameworks */ = {isa = PBXBuildFile; fileRef = 7255FB7F1CBAAACD0018D3B9 /* SourceKittenFramework.framework */; };
		72C0AE181CB46CA600328BC7 /* main.swift in Sources */ = {isa = PBXBuildFile; fileRef = 72C0AE171CB46CA600328BC7 /* main.swift */; };
		72C0AE1A1CB46CA600328BC7 /* Assets.xcassets in Resources */ = {isa = PBXBuildFile; fileRef = 72C0AE191CB46CA600328BC7 /* Assets.xcassets */; };
		72C0AE1D1CB46CA600328BC7 /* MainMenu.xib in Resources */ = {isa = PBXBuildFile; fileRef = 72C0AE1B1CB46CA600328BC7 /* MainMenu.xib */; };
		72D10F861CBAD2CB00401FFE /* Accessibility.swift in Sources */ = {isa = PBXBuildFile; fileRef = 72D10F811CBAD2CB00401FFE /* Accessibility.swift */; };
		72D10F871CBAD2CB00401FFE /* ClassSubstructure.swift in Sources */ = {isa = PBXBuildFile; fileRef = 72D10F821CBAD2CB00401FFE /* ClassSubstructure.swift */; };
		72D10F881CBAD2CB00401FFE /* FunctionMethodSubstructure.swift in Sources */ = {isa = PBXBuildFile; fileRef = 72D10F831CBAD2CB00401FFE /* FunctionMethodSubstructure.swift */; };
		72D10F891CBAD2CB00401FFE /* Substructure.swift in Sources */ = {isa = PBXBuildFile; fileRef = 72D10F841CBAD2CB00401FFE /* Substructure.swift */; };
		72D10F8A1CBAD2CB00401FFE /* VarSubstructure.swift in Sources */ = {isa = PBXBuildFile; fileRef = 72D10F851CBAD2CB00401FFE /* VarSubstructure.swift */; };
		72D10F8D1CBADEF200401FFE /* TurfCollectionContainer.swift in Sources */ = {isa = PBXBuildFile; fileRef = 72D10F8C1CBADEF200401FFE /* TurfCollectionContainer.swift */; };
		72D10F8F1CBADF2E00401FFE /* TurfCollection.swift in Sources */ = {isa = PBXBuildFile; fileRef = 72D10F8E1CBADF2E00401FFE /* TurfCollection.swift */; };
		72D10F911CBADF4900401FFE /* SubstructuresParser.swift in Sources */ = {isa = PBXBuildFile; fileRef = 72D10F901CBADF4900401FFE /* SubstructuresParser.swift */; };
		72D10F931CBADFD700401FFE /* ModuleParser.swift in Sources */ = {isa = PBXBuildFile; fileRef = 72D10F921CBADFD700401FFE /* ModuleParser.swift */; };
		72D10F951CBAE16800401FFE /* Dictionary+Append.swift in Sources */ = {isa = PBXBuildFile; fileRef = 72D10F941CBAE16800401FFE /* Dictionary+Append.swift */; };
		72D10F971CBAE29700401FFE /* CollectionContainerTransformer.swift in Sources */ = {isa = PBXBuildFile; fileRef = 72D10F961CBAE29700401FFE /* CollectionContainerTransformer.swift */; };
		72D10F991CBAE2F700401FFE /* String+Uppercase.swift in Sources */ = {isa = PBXBuildFile; fileRef = 72D10F981CBAE2F700401FFE /* String+Uppercase.swift */; };
/* End PBXBuildFile section */

/* Begin PBXContainerItemProxy section */
		7255FB7E1CBAAACD0018D3B9 /* PBXContainerItemProxy */ = {
			isa = PBXContainerItemProxy;
			containerPortal = 7255FB791CBAAACD0018D3B9 /* sourcekitten.xcodeproj */;
			proxyType = 2;
			remoteGlobalIDString = D0D1216D19E87B05005E4BAA;
			remoteInfo = SourceKittenFramework;
		};
		7255FB801CBAAACD0018D3B9 /* PBXContainerItemProxy */ = {
			isa = PBXContainerItemProxy;
			containerPortal = 7255FB791CBAAACD0018D3B9 /* sourcekitten.xcodeproj */;
			proxyType = 2;
			remoteGlobalIDString = D0D1217719E87B05005E4BAA;
			remoteInfo = SourceKittenFrameworkTests;
		};
		7255FB921CBAB0150018D3B9 /* PBXContainerItemProxy */ = {
			isa = PBXContainerItemProxy;
			containerPortal = 7255FB881CBAB0150018D3B9 /* SWXMLHash.xcodeproj */;
			proxyType = 2;
			remoteGlobalIDString = CD6083EF196CA106000B4F8D;
			remoteInfo = "SWXMLHash iOS";
		};
		7255FB941CBAB0150018D3B9 /* PBXContainerItemProxy */ = {
			isa = PBXContainerItemProxy;
			containerPortal = 7255FB881CBAB0150018D3B9 /* SWXMLHash.xcodeproj */;
			proxyType = 2;
			remoteGlobalIDString = CD6083FA196CA106000B4F8D;
			remoteInfo = "SWXMLHash iOS Tests";
		};
		7255FB961CBAB0150018D3B9 /* PBXContainerItemProxy */ = {
			isa = PBXContainerItemProxy;
			containerPortal = 7255FB881CBAB0150018D3B9 /* SWXMLHash.xcodeproj */;
			proxyType = 2;
			remoteGlobalIDString = CD9D052C1A757D8B003CCB21;
			remoteInfo = "SWXMLHash OSX";
		};
		7255FB981CBAB0150018D3B9 /* PBXContainerItemProxy */ = {
			isa = PBXContainerItemProxy;
			containerPortal = 7255FB881CBAB0150018D3B9 /* SWXMLHash.xcodeproj */;
			proxyType = 2;
			remoteGlobalIDString = CD9D05361A757D8B003CCB21;
			remoteInfo = "SWXMLHash OSX Tests";
		};
		7255FB9A1CBAB0150018D3B9 /* PBXContainerItemProxy */ = {
			isa = PBXContainerItemProxy;
			containerPortal = 7255FB881CBAB0150018D3B9 /* SWXMLHash.xcodeproj */;
			proxyType = 2;
			remoteGlobalIDString = CDDEC74C1BF6311A00AB138B;
			remoteInfo = "SWXMLHash tvOS";
		};
		7255FB9C1CBAB0150018D3B9 /* PBXContainerItemProxy */ = {
			isa = PBXContainerItemProxy;
			containerPortal = 7255FB881CBAB0150018D3B9 /* SWXMLHash.xcodeproj */;
			proxyType = 2;
			remoteGlobalIDString = CDDEC7551BF6311B00AB138B;
			remoteInfo = "SWXMLHash tvOS Tests";
		};
		7255FB9E1CBAB0150018D3B9 /* PBXContainerItemProxy */ = {
			isa = PBXContainerItemProxy;
			containerPortal = 7255FB881CBAB0150018D3B9 /* SWXMLHash.xcodeproj */;
			proxyType = 2;
			remoteGlobalIDString = CDDEC7681BF6316C00AB138B;
			remoteInfo = "SWXMLHash watchOS";
		};
		72D10FA51CBAE7C800401FFE /* PBXContainerItemProxy */ = {
			isa = PBXContainerItemProxy;
			containerPortal = 72D10F9A1CBAE7C800401FFE /* Result.xcodeproj */;
			proxyType = 2;
			remoteGlobalIDString = D45480571A9572F5009D7229;
			remoteInfo = "Result-Mac";
		};
		72D10FA71CBAE7C800401FFE /* PBXContainerItemProxy */ = {
			isa = PBXContainerItemProxy;
			containerPortal = 72D10F9A1CBAE7C800401FFE /* Result.xcodeproj */;
			proxyType = 2;
			remoteGlobalIDString = D45480671A9572F5009D7229;
			remoteInfo = "Result-MacTests";
		};
		72D10FA91CBAE7C800401FFE /* PBXContainerItemProxy */ = {
			isa = PBXContainerItemProxy;
			containerPortal = 72D10F9A1CBAE7C800401FFE /* Result.xcodeproj */;
			proxyType = 2;
			remoteGlobalIDString = D454807D1A957361009D7229;
			remoteInfo = "Result-iOS";
		};
		72D10FAB1CBAE7C800401FFE /* PBXContainerItemProxy */ = {
			isa = PBXContainerItemProxy;
			containerPortal = 72D10F9A1CBAE7C800401FFE /* Result.xcodeproj */;
			proxyType = 2;
			remoteGlobalIDString = D45480871A957362009D7229;
			remoteInfo = "Result-iOSTests";
		};
		72D10FAD1CBAE7C800401FFE /* PBXContainerItemProxy */ = {
			isa = PBXContainerItemProxy;
			containerPortal = 72D10F9A1CBAE7C800401FFE /* Result.xcodeproj */;
			proxyType = 2;
			remoteGlobalIDString = 57FCDE471BA280DC00130C48;
			remoteInfo = "Result-tvOS";
		};
		72D10FAF1CBAE7C800401FFE /* PBXContainerItemProxy */ = {
			isa = PBXContainerItemProxy;
			containerPortal = 72D10F9A1CBAE7C800401FFE /* Result.xcodeproj */;
			proxyType = 2;
			remoteGlobalIDString = 57FCDE541BA280E000130C48;
			remoteInfo = "Result-tvOSTests";
		};
		72D10FB11CBAE7C800401FFE /* PBXContainerItemProxy */ = {
			isa = PBXContainerItemProxy;
			containerPortal = 72D10F9A1CBAE7C800401FFE /* Result.xcodeproj */;
			proxyType = 2;
			remoteGlobalIDString = D03579A31B2B788F005D26AE;
			remoteInfo = "Result-watchOS";
		};
		72D10FB31CBAE7C800401FFE /* PBXContainerItemProxy */ = {
			isa = PBXContainerItemProxy;
			containerPortal = 72D10F9A1CBAE7C800401FFE /* Result.xcodeproj */;
			proxyType = 2;
			remoteGlobalIDString = D03579B01B2B78A1005D26AE;
			remoteInfo = "Result-watchOSTests";
		};
		72D10FB61CBAE7C800401FFE /* PBXContainerItemProxy */ = {
			isa = PBXContainerItemProxy;
			containerPortal = 7255FB791CBAAACD0018D3B9 /* sourcekitten.xcodeproj */;
			proxyType = 2;
			remoteGlobalIDString = D0E7B63219E9C64500EDBA4D;
			remoteInfo = sourcekitten;
		};
		72D10FBD1CBAE7EA00401FFE /* PBXContainerItemProxy */ = {
			isa = PBXContainerItemProxy;
			containerPortal = 72D10FB81CBAE7E900401FFE /* Commandant.xcodeproj */;
			proxyType = 2;
			remoteGlobalIDString = D00CCDD91A20717400109F8C;
			remoteInfo = Commandant;
		};
		72D10FBF1CBAE7EA00401FFE /* PBXContainerItemProxy */ = {
			isa = PBXContainerItemProxy;
			containerPortal = 72D10FB81CBAE7E900401FFE /* Commandant.xcodeproj */;
			proxyType = 2;
			remoteGlobalIDString = D00CCDE41A20717400109F8C;
			remoteInfo = Tests;
		};
/* End PBXContainerItemProxy section */

/* Begin PBXFileReference section */
		7255FB791CBAAACD0018D3B9 /* sourcekitten.xcodeproj */ = {isa = PBXFileReference; lastKnownFileType = "wrapper.pb-project"; name = sourcekitten.xcodeproj; path = Carthage/Checkouts/SourceKitten/sourcekitten.xcodeproj; sourceTree = SOURCE_ROOT; };
		7255FB881CBAB0150018D3B9 /* SWXMLHash.xcodeproj */ = {isa = PBXFileReference; lastKnownFileType = "wrapper.pb-project"; name = SWXMLHash.xcodeproj; path = Carthage/Checkouts/SourceKitten/Carthage/Checkouts/SWXMLHash/SWXMLHash.xcodeproj; sourceTree = SOURCE_ROOT; };
		72C0AE141CB46CA600328BC7 /* TurfGen.app */ = {isa = PBXFileReference; explicitFileType = wrapper.application; includeInIndex = 0; path = TurfGen.app; sourceTree = BUILT_PRODUCTS_DIR; };
		72C0AE171CB46CA600328BC7 /* main.swift */ = {isa = PBXFileReference; lastKnownFileType = sourcecode.swift; path = main.swift; sourceTree = "<group>"; };
		72C0AE191CB46CA600328BC7 /* Assets.xcassets */ = {isa = PBXFileReference; lastKnownFileType = folder.assetcatalog; path = Assets.xcassets; sourceTree = "<group>"; };
		72C0AE1C1CB46CA600328BC7 /* Base */ = {isa = PBXFileReference; lastKnownFileType = file.xib; name = Base; path = Base.lproj/MainMenu.xib; sourceTree = "<group>"; };
		72C0AE1E1CB46CA600328BC7 /* Info.plist */ = {isa = PBXFileReference; lastKnownFileType = text.plist.xml; path = Info.plist; sourceTree = "<group>"; };
		72D10F811CBAD2CB00401FFE /* Accessibility.swift */ = {isa = PBXFileReference; fileEncoding = 4; lastKnownFileType = sourcecode.swift; path = Accessibility.swift; sourceTree = "<group>"; };
		72D10F821CBAD2CB00401FFE /* ClassSubstructure.swift */ = {isa = PBXFileReference; fileEncoding = 4; lastKnownFileType = sourcecode.swift; path = ClassSubstructure.swift; sourceTree = "<group>"; };
		72D10F831CBAD2CB00401FFE /* FunctionMethodSubstructure.swift */ = {isa = PBXFileReference; fileEncoding = 4; lastKnownFileType = sourcecode.swift; path = FunctionMethodSubstructure.swift; sourceTree = "<group>"; };
		72D10F841CBAD2CB00401FFE /* Substructure.swift */ = {isa = PBXFileReference; fileEncoding = 4; lastKnownFileType = sourcecode.swift; path = Substructure.swift; sourceTree = "<group>"; };
		72D10F851CBAD2CB00401FFE /* VarSubstructure.swift */ = {isa = PBXFileReference; fileEncoding = 4; lastKnownFileType = sourcecode.swift; path = VarSubstructure.swift; sourceTree = "<group>"; };
		72D10F8C1CBADEF200401FFE /* TurfCollectionContainer.swift */ = {isa = PBXFileReference; fileEncoding = 4; lastKnownFileType = sourcecode.swift; path = TurfCollectionContainer.swift; sourceTree = "<group>"; };
		72D10F8E1CBADF2E00401FFE /* TurfCollection.swift */ = {isa = PBXFileReference; fileEncoding = 4; lastKnownFileType = sourcecode.swift; path = TurfCollection.swift; sourceTree = "<group>"; };
		72D10F901CBADF4900401FFE /* SubstructuresParser.swift */ = {isa = PBXFileReference; fileEncoding = 4; lastKnownFileType = sourcecode.swift; path = SubstructuresParser.swift; sourceTree = "<group>"; };
		72D10F921CBADFD700401FFE /* ModuleParser.swift */ = {isa = PBXFileReference; fileEncoding = 4; lastKnownFileType = sourcecode.swift; path = ModuleParser.swift; sourceTree = "<group>"; };
		72D10F941CBAE16800401FFE /* Dictionary+Append.swift */ = {isa = PBXFileReference; fileEncoding = 4; lastKnownFileType = sourcecode.swift; path = "Dictionary+Append.swift"; sourceTree = "<group>"; };
		72D10F961CBAE29700401FFE /* CollectionContainerTransformer.swift */ = {isa = PBXFileReference; fileEncoding = 4; lastKnownFileType = sourcecode.swift; path = CollectionContainerTransformer.swift; sourceTree = "<group>"; };
		72D10F981CBAE2F700401FFE /* String+Uppercase.swift */ = {isa = PBXFileReference; fileEncoding = 4; lastKnownFileType = sourcecode.swift; path = "String+Uppercase.swift"; sourceTree = "<group>"; };
		72D10F9A1CBAE7C800401FFE /* Result.xcodeproj */ = {isa = PBXFileReference; lastKnownFileType = "wrapper.pb-project"; name = Result.xcodeproj; path = Carthage/Checkouts/SourceKitten/Carthage/Checkouts/Result/Result.xcodeproj; sourceTree = SOURCE_ROOT; };
		72D10FB81CBAE7E900401FFE /* Commandant.xcodeproj */ = {isa = PBXFileReference; lastKnownFileType = "wrapper.pb-project"; name = Commandant.xcodeproj; path = Carthage/Checkouts/SourceKitten/Carthage/Checkouts/Commandant/Commandant.xcodeproj; sourceTree = SOURCE_ROOT; };
/* End PBXFileReference section */

/* Begin PBXFrameworksBuildPhase section */
		72C0AE111CB46CA600328BC7 /* Frameworks */ = {
			isa = PBXFrameworksBuildPhase;
			buildActionMask = 2147483647;
			files = (
				7255FBA11CBAB04B0018D3B9 /* SourceKittenFramework.framework in Frameworks */,
			);
			runOnlyForDeploymentPostprocessing = 0;
		};
/* End PBXFrameworksBuildPhase section */

/* Begin PBXGroup section */
		7255FB781CBAAA830018D3B9 /* Frameworks */ = {
			isa = PBXGroup;
			children = (
				72D10FB81CBAE7E900401FFE /* Commandant.xcodeproj */,
				72D10F9A1CBAE7C800401FFE /* Result.xcodeproj */,
				7255FB881CBAB0150018D3B9 /* SWXMLHash.xcodeproj */,
				7255FB791CBAAACD0018D3B9 /* sourcekitten.xcodeproj */,
			);
			name = Frameworks;
			sourceTree = "<group>";
		};
		7255FB7A1CBAAACD0018D3B9 /* Products */ = {
			isa = PBXGroup;
			children = (
				72D10FB71CBAE7C800401FFE /* sourcekitten.app */,
				7255FB7F1CBAAACD0018D3B9 /* SourceKittenFramework.framework */,
				7255FB811CBAAACD0018D3B9 /* SourceKittenFrameworkTests.xctest */,
			);
			name = Products;
			sourceTree = "<group>";
		};
		7255FB891CBAB0150018D3B9 /* Products */ = {
			isa = PBXGroup;
			children = (
				7255FB931CBAB0150018D3B9 /* SWXMLHash.framework */,
				7255FB951CBAB0150018D3B9 /* SWXMLHash iOS Tests.xctest */,
				7255FB971CBAB0150018D3B9 /* SWXMLHash.framework */,
				7255FB991CBAB0150018D3B9 /* SWXMLHash OSX Tests.xctest */,
				7255FB9B1CBAB0150018D3B9 /* SWXMLHash.framework */,
				7255FB9D1CBAB0150018D3B9 /* SWXMLHash tvOS Tests.xctest */,
				7255FB9F1CBAB0150018D3B9 /* SWXMLHash.framework */,
			);
			name = Products;
			sourceTree = "<group>";
		};
		72C0AE0B1CB46CA600328BC7 = {
			isa = PBXGroup;
			children = (
				72C0AE161CB46CA600328BC7 /* TurfGen */,
				72C0AE151CB46CA600328BC7 /* Products */,
			);
			sourceTree = "<group>";
		};
		72C0AE151CB46CA600328BC7 /* Products */ = {
			isa = PBXGroup;
			children = (
				72C0AE141CB46CA600328BC7 /* TurfGen.app */,
			);
			name = Products;
			sourceTree = "<group>";
		};
		72C0AE161CB46CA600328BC7 /* TurfGen */ = {
			isa = PBXGroup;
			children = (
				72C0AE191CB46CA600328BC7 /* Assets.xcassets */,
				7255FB781CBAAA830018D3B9 /* Frameworks */,
				72D10F771CBAD28900401FFE /* Substructure */,
				72D10F8B1CBADED400401FFE /* TypeParser */,
				72C0AE1E1CB46CA600328BC7 /* Info.plist */,
				72C0AE171CB46CA600328BC7 /* main.swift */,
				72C0AE1B1CB46CA600328BC7 /* MainMenu.xib */,
				72D10F941CBAE16800401FFE /* Dictionary+Append.swift */,
				72D10F961CBAE29700401FFE /* CollectionContainerTransformer.swift */,
				72D10F981CBAE2F700401FFE /* String+Uppercase.swift */,
			);
			path = TurfGen;
			sourceTree = "<group>";
		};
		72D10F771CBAD28900401FFE /* Substructure */ = {
			isa = PBXGroup;
			children = (
				72D10F811CBAD2CB00401FFE /* Accessibility.swift */,
				72D10F821CBAD2CB00401FFE /* ClassSubstructure.swift */,
				72D10F831CBAD2CB00401FFE /* FunctionMethodSubstructure.swift */,
				72D10F841CBAD2CB00401FFE /* Substructure.swift */,
				72D10F851CBAD2CB00401FFE /* VarSubstructure.swift */,
			);
			path = Substructure;
			sourceTree = "<group>";
		};
		72D10F8B1CBADED400401FFE /* TypeParser */ = {
			isa = PBXGroup;
			children = (
				72D10F921CBADFD700401FFE /* ModuleParser.swift */,
				72D10F901CBADF4900401FFE /* SubstructuresParser.swift */,
				72D10F8E1CBADF2E00401FFE /* TurfCollection.swift */,
				72D10F8C1CBADEF200401FFE /* TurfCollectionContainer.swift */,
			);
			path = TypeParser;
			sourceTree = "<group>";
		};
		72D10F9B1CBAE7C800401FFE /* Products */ = {
			isa = PBXGroup;
			children = (
				72D10FA61CBAE7C800401FFE /* Result.framework */,
				72D10FA81CBAE7C800401FFE /* Result-MacTests.xctest */,
				72D10FAA1CBAE7C800401FFE /* Result.framework */,
				72D10FAC1CBAE7C800401FFE /* Result-iOSTests.xctest */,
				72D10FAE1CBAE7C800401FFE /* Result.framework */,
				72D10FB01CBAE7C800401FFE /* Result-tvOSTests.xctest */,
				72D10FB21CBAE7C800401FFE /* Result.framework */,
				72D10FB41CBAE7C800401FFE /* Result-watchOSTests.xctest */,
			);
			name = Products;
			sourceTree = "<group>";
		};
		72D10FB91CBAE7E900401FFE /* Products */ = {
			isa = PBXGroup;
			children = (
				72D10FBE1CBAE7EA00401FFE /* Commandant.framework */,
				72D10FC01CBAE7EA00401FFE /* Tests.xctest */,
			);
			name = Products;
			sourceTree = "<group>";
		};
/* End PBXGroup section */

/* Begin PBXNativeTarget section */
		72C0AE131CB46CA600328BC7 /* TurfGen */ = {
			isa = PBXNativeTarget;
			buildConfigurationList = 72C0AE211CB46CA600328BC7 /* Build configuration list for PBXNativeTarget "TurfGen" */;
			buildPhases = (
				72C0AE101CB46CA600328BC7 /* Sources */,
				72C0AE111CB46CA600328BC7 /* Frameworks */,
				72C0AE121CB46CA600328BC7 /* Resources */,
			);
			buildRules = (
			);
			dependencies = (
			);
			name = TurfGen;
			productName = TurfGen;
			productReference = 72C0AE141CB46CA600328BC7 /* TurfGen.app */;
			productType = "com.apple.product-type.application";
		};
/* End PBXNativeTarget section */

/* Begin PBXProject section */
		72C0AE0C1CB46CA600328BC7 /* Project object */ = {
			isa = PBXProject;
			attributes = {
				LastSwiftUpdateCheck = 0730;
				LastUpgradeCheck = 0730;
				ORGANIZATIONNAME = JordanHamill;
				TargetAttributes = {
					72C0AE131CB46CA600328BC7 = {
						CreatedOnToolsVersion = 7.3;
					};
				};
			};
			buildConfigurationList = 72C0AE0F1CB46CA600328BC7 /* Build configuration list for PBXProject "TurfGen" */;
			compatibilityVersion = "Xcode 3.2";
			developmentRegion = English;
			hasScannedForEncodings = 0;
			knownRegions = (
				en,
				Base,
			);
			mainGroup = 72C0AE0B1CB46CA600328BC7;
			productRefGroup = 72C0AE151CB46CA600328BC7 /* Products */;
			projectDirPath = "";
			projectReferences = (
				{
					ProductGroup = 72D10FB91CBAE7E900401FFE /* Products */;
					ProjectRef = 72D10FB81CBAE7E900401FFE /* Commandant.xcodeproj */;
				},
				{
					ProductGroup = 72D10F9B1CBAE7C800401FFE /* Products */;
					ProjectRef = 72D10F9A1CBAE7C800401FFE /* Result.xcodeproj */;
				},
				{
					ProductGroup = 7255FB7A1CBAAACD0018D3B9 /* Products */;
					ProjectRef = 7255FB791CBAAACD0018D3B9 /* sourcekitten.xcodeproj */;
				},
				{
					ProductGroup = 7255FB891CBAB0150018D3B9 /* Products */;
					ProjectRef = 7255FB881CBAB0150018D3B9 /* SWXMLHash.xcodeproj */;
				},
			);
			projectRoot = "";
			targets = (
				72C0AE131CB46CA600328BC7 /* TurfGen */,
			);
		};
/* End PBXProject section */

/* Begin PBXReferenceProxy section */
		7255FB7F1CBAAACD0018D3B9 /* SourceKittenFramework.framework */ = {
			isa = PBXReferenceProxy;
			fileType = wrapper.framework;
			path = SourceKittenFramework.framework;
			remoteRef = 7255FB7E1CBAAACD0018D3B9 /* PBXContainerItemProxy */;
			sourceTree = BUILT_PRODUCTS_DIR;
		};
		7255FB811CBAAACD0018D3B9 /* SourceKittenFrameworkTests.xctest */ = {
			isa = PBXReferenceProxy;
			fileType = wrapper.cfbundle;
			path = SourceKittenFrameworkTests.xctest;
			remoteRef = 7255FB801CBAAACD0018D3B9 /* PBXContainerItemProxy */;
			sourceTree = BUILT_PRODUCTS_DIR;
		};
		7255FB931CBAB0150018D3B9 /* SWXMLHash.framework */ = {
			isa = PBXReferenceProxy;
			fileType = wrapper.framework;
			path = SWXMLHash.framework;
			remoteRef = 7255FB921CBAB0150018D3B9 /* PBXContainerItemProxy */;
			sourceTree = BUILT_PRODUCTS_DIR;
		};
		7255FB951CBAB0150018D3B9 /* SWXMLHash iOS Tests.xctest */ = {
			isa = PBXReferenceProxy;
			fileType = wrapper.cfbundle;
			path = "SWXMLHash iOS Tests.xctest";
			remoteRef = 7255FB941CBAB0150018D3B9 /* PBXContainerItemProxy */;
			sourceTree = BUILT_PRODUCTS_DIR;
		};
		7255FB971CBAB0150018D3B9 /* SWXMLHash.framework */ = {
			isa = PBXReferenceProxy;
			fileType = wrapper.framework;
			path = SWXMLHash.framework;
			remoteRef = 7255FB961CBAB0150018D3B9 /* PBXContainerItemProxy */;
			sourceTree = BUILT_PRODUCTS_DIR;
		};
		7255FB991CBAB0150018D3B9 /* SWXMLHash OSX Tests.xctest */ = {
			isa = PBXReferenceProxy;
			fileType = wrapper.cfbundle;
			path = "SWXMLHash OSX Tests.xctest";
			remoteRef = 7255FB981CBAB0150018D3B9 /* PBXContainerItemProxy */;
			sourceTree = BUILT_PRODUCTS_DIR;
		};
		7255FB9B1CBAB0150018D3B9 /* SWXMLHash.framework */ = {
			isa = PBXReferenceProxy;
			fileType = wrapper.framework;
			path = SWXMLHash.framework;
			remoteRef = 7255FB9A1CBAB0150018D3B9 /* PBXContainerItemProxy */;
			sourceTree = BUILT_PRODUCTS_DIR;
		};
		7255FB9D1CBAB0150018D3B9 /* SWXMLHash tvOS Tests.xctest */ = {
			isa = PBXReferenceProxy;
			fileType = wrapper.cfbundle;
			path = "SWXMLHash tvOS Tests.xctest";
			remoteRef = 7255FB9C1CBAB0150018D3B9 /* PBXContainerItemProxy */;
			sourceTree = BUILT_PRODUCTS_DIR;
		};
		7255FB9F1CBAB0150018D3B9 /* SWXMLHash.framework */ = {
			isa = PBXReferenceProxy;
			fileType = wrapper.framework;
			path = SWXMLHash.framework;
			remoteRef = 7255FB9E1CBAB0150018D3B9 /* PBXContainerItemProxy */;
			sourceTree = BUILT_PRODUCTS_DIR;
		};
		72D10FA61CBAE7C800401FFE /* Result.framework */ = {
			isa = PBXReferenceProxy;
			fileType = wrapper.framework;
			path = Result.framework;
			remoteRef = 72D10FA51CBAE7C800401FFE /* PBXContainerItemProxy */;
			sourceTree = BUILT_PRODUCTS_DIR;
		};
		72D10FA81CBAE7C800401FFE /* Result-MacTests.xctest */ = {
			isa = PBXReferenceProxy;
			fileType = wrapper.cfbundle;
			path = "Result-MacTests.xctest";
			remoteRef = 72D10FA71CBAE7C800401FFE /* PBXContainerItemProxy */;
			sourceTree = BUILT_PRODUCTS_DIR;
		};
		72D10FAA1CBAE7C800401FFE /* Result.framework */ = {
			isa = PBXReferenceProxy;
			fileType = wrapper.framework;
			path = Result.framework;
			remoteRef = 72D10FA91CBAE7C800401FFE /* PBXContainerItemProxy */;
			sourceTree = BUILT_PRODUCTS_DIR;
		};
		72D10FAC1CBAE7C800401FFE /* Result-iOSTests.xctest */ = {
			isa = PBXReferenceProxy;
			fileType = wrapper.cfbundle;
			path = "Result-iOSTests.xctest";
			remoteRef = 72D10FAB1CBAE7C800401FFE /* PBXContainerItemProxy */;
			sourceTree = BUILT_PRODUCTS_DIR;
		};
		72D10FAE1CBAE7C800401FFE /* Result.framework */ = {
			isa = PBXReferenceProxy;
			fileType = wrapper.framework;
			path = Result.framework;
			remoteRef = 72D10FAD1CBAE7C800401FFE /* PBXContainerItemProxy */;
			sourceTree = BUILT_PRODUCTS_DIR;
		};
		72D10FB01CBAE7C800401FFE /* Result-tvOSTests.xctest */ = {
			isa = PBXReferenceProxy;
			fileType = wrapper.cfbundle;
			path = "Result-tvOSTests.xctest";
			remoteRef = 72D10FAF1CBAE7C800401FFE /* PBXContainerItemProxy */;
			sourceTree = BUILT_PRODUCTS_DIR;
		};
		72D10FB21CBAE7C800401FFE /* Result.framework */ = {
			isa = PBXReferenceProxy;
			fileType = wrapper.framework;
			path = Result.framework;
			remoteRef = 72D10FB11CBAE7C800401FFE /* PBXContainerItemProxy */;
			sourceTree = BUILT_PRODUCTS_DIR;
		};
		72D10FB41CBAE7C800401FFE /* Result-watchOSTests.xctest */ = {
			isa = PBXReferenceProxy;
			fileType = wrapper.cfbundle;
			path = "Result-watchOSTests.xctest";
			remoteRef = 72D10FB31CBAE7C800401FFE /* PBXContainerItemProxy */;
			sourceTree = BUILT_PRODUCTS_DIR;
		};
		72D10FB71CBAE7C800401FFE /* sourcekitten.app */ = {
			isa = PBXReferenceProxy;
			fileType = wrapper.application;
			path = sourcekitten.app;
			remoteRef = 72D10FB61CBAE7C800401FFE /* PBXContainerItemProxy */;
			sourceTree = BUILT_PRODUCTS_DIR;
		};
		72D10FBE1CBAE7EA00401FFE /* Commandant.framework */ = {
			isa = PBXReferenceProxy;
			fileType = wrapper.framework;
			path = Commandant.framework;
			remoteRef = 72D10FBD1CBAE7EA00401FFE /* PBXContainerItemProxy */;
			sourceTree = BUILT_PRODUCTS_DIR;
		};
		72D10FC01CBAE7EA00401FFE /* Tests.xctest */ = {
			isa = PBXReferenceProxy;
			fileType = wrapper.cfbundle;
			path = Tests.xctest;
			remoteRef = 72D10FBF1CBAE7EA00401FFE /* PBXContainerItemProxy */;
			sourceTree = BUILT_PRODUCTS_DIR;
		};
/* End PBXReferenceProxy section */

/* Begin PBXResourcesBuildPhase section */
		72C0AE121CB46CA600328BC7 /* Resources */ = {
			isa = PBXResourcesBuildPhase;
			buildActionMask = 2147483647;
			files = (
				72C0AE1A1CB46CA600328BC7 /* Assets.xcassets in Resources */,
				72C0AE1D1CB46CA600328BC7 /* MainMenu.xib in Resources */,
			);
			runOnlyForDeploymentPostprocessing = 0;
		};
/* End PBXResourcesBuildPhase section */

/* Begin PBXSourcesBuildPhase section */
		72C0AE101CB46CA600328BC7 /* Sources */ = {
			isa = PBXSourcesBuildPhase;
			buildActionMask = 2147483647;
			files = (
				72D10F871CBAD2CB00401FFE /* ClassSubstructure.swift in Sources */,
				72D10F861CBAD2CB00401FFE /* Accessibility.swift in Sources */,
				72D10F8A1CBAD2CB00401FFE /* VarSubstructure.swift in Sources */,
				72D10F911CBADF4900401FFE /* SubstructuresParser.swift in Sources */,
				72D10F991CBAE2F700401FFE /* String+Uppercase.swift in Sources */,
				72D10F931CBADFD700401FFE /* ModuleParser.swift in Sources */,
				72D10F971CBAE29700401FFE /* CollectionContainerTransformer.swift in Sources */,
				72D10F891CBAD2CB00401FFE /* Substructure.swift in Sources */,
				72D10F8F1CBADF2E00401FFE /* TurfCollection.swift in Sources */,
				72D10F8D1CBADEF200401FFE /* TurfCollectionContainer.swift in Sources */,
				72D10F881CBAD2CB00401FFE /* FunctionMethodSubstructure.swift in Sources */,
				72D10F951CBAE16800401FFE /* Dictionary+Append.swift in Sources */,
				72C0AE181CB46CA600328BC7 /* main.swift in Sources */,
			);
			runOnlyForDeploymentPostprocessing = 0;
		};
/* End PBXSourcesBuildPhase section */

/* Begin PBXVariantGroup section */
		72C0AE1B1CB46CA600328BC7 /* MainMenu.xib */ = {
			isa = PBXVariantGroup;
			children = (
				72C0AE1C1CB46CA600328BC7 /* Base */,
			);
			name = MainMenu.xib;
			sourceTree = "<group>";
		};
/* End PBXVariantGroup section */

/* Begin XCBuildConfiguration section */
		72C0AE1F1CB46CA600328BC7 /* Debug */ = {
			isa = XCBuildConfiguration;
			buildSettings = {
				ALWAYS_SEARCH_USER_PATHS = NO;
				CLANG_ANALYZER_NONNULL = YES;
				CLANG_CXX_LANGUAGE_STANDARD = "gnu++0x";
				CLANG_CXX_LIBRARY = "libc++";
				CLANG_ENABLE_MODULES = YES;
				CLANG_ENABLE_OBJC_ARC = YES;
				CLANG_WARN_BOOL_CONVERSION = YES;
				CLANG_WARN_CONSTANT_CONVERSION = YES;
				CLANG_WARN_DIRECT_OBJC_ISA_USAGE = YES_ERROR;
				CLANG_WARN_EMPTY_BODY = YES;
				CLANG_WARN_ENUM_CONVERSION = YES;
				CLANG_WARN_INT_CONVERSION = YES;
				CLANG_WARN_OBJC_ROOT_CLASS = YES_ERROR;
				CLANG_WARN_UNREACHABLE_CODE = YES;
				CLANG_WARN__DUPLICATE_METHOD_MATCH = YES;
				CODE_SIGN_IDENTITY = "-";
				COPY_PHASE_STRIP = NO;
				DEBUG_INFORMATION_FORMAT = dwarf;
				ENABLE_STRICT_OBJC_MSGSEND = YES;
				ENABLE_TESTABILITY = YES;
				GCC_C_LANGUAGE_STANDARD = gnu99;
				GCC_DYNAMIC_NO_PIC = NO;
				GCC_NO_COMMON_BLOCKS = YES;
				GCC_OPTIMIZATION_LEVEL = 0;
				GCC_PREPROCESSOR_DEFINITIONS = (
					"DEBUG=1",
					"$(inherited)",
				);
				GCC_WARN_64_TO_32_BIT_CONVERSION = YES;
				GCC_WARN_ABOUT_RETURN_TYPE = YES_ERROR;
				GCC_WARN_UNDECLARED_SELECTOR = YES;
				GCC_WARN_UNINITIALIZED_AUTOS = YES_AGGRESSIVE;
				GCC_WARN_UNUSED_FUNCTION = YES;
				GCC_WARN_UNUSED_VARIABLE = YES;
				MACOSX_DEPLOYMENT_TARGET = 10.11;
				MTL_ENABLE_DEBUG_INFO = YES;
				ONLY_ACTIVE_ARCH = YES;
				SDKROOT = macosx;
				SWIFT_OPTIMIZATION_LEVEL = "-Onone";
			};
			name = Debug;
		};
		72C0AE201CB46CA600328BC7 /* Release */ = {
			isa = XCBuildConfiguration;
			buildSettings = {
				ALWAYS_SEARCH_USER_PATHS = NO;
				CLANG_ANALYZER_NONNULL = YES;
				CLANG_CXX_LANGUAGE_STANDARD = "gnu++0x";
				CLANG_CXX_LIBRARY = "libc++";
				CLANG_ENABLE_MODULES = YES;
				CLANG_ENABLE_OBJC_ARC = YES;
				CLANG_WARN_BOOL_CONVERSION = YES;
				CLANG_WARN_CONSTANT_CONVERSION = YES;
				CLANG_WARN_DIRECT_OBJC_ISA_USAGE = YES_ERROR;
				CLANG_WARN_EMPTY_BODY = YES;
				CLANG_WARN_ENUM_CONVERSION = YES;
				CLANG_WARN_INT_CONVERSION = YES;
				CLANG_WARN_OBJC_ROOT_CLASS = YES_ERROR;
				CLANG_WARN_UNREACHABLE_CODE = YES;
				CLANG_WARN__DUPLICATE_METHOD_MATCH = YES;
				CODE_SIGN_IDENTITY = "-";
				COPY_PHASE_STRIP = NO;
				DEBUG_INFORMATION_FORMAT = "dwarf-with-dsym";
				ENABLE_NS_ASSERTIONS = NO;
				ENABLE_STRICT_OBJC_MSGSEND = YES;
				GCC_C_LANGUAGE_STANDARD = gnu99;
				GCC_NO_COMMON_BLOCKS = YES;
				GCC_WARN_64_TO_32_BIT_CONVERSION = YES;
				GCC_WARN_ABOUT_RETURN_TYPE = YES_ERROR;
				GCC_WARN_UNDECLARED_SELECTOR = YES;
				GCC_WARN_UNINITIALIZED_AUTOS = YES_AGGRESSIVE;
				GCC_WARN_UNUSED_FUNCTION = YES;
				GCC_WARN_UNUSED_VARIABLE = YES;
				MACOSX_DEPLOYMENT_TARGET = 10.11;
				MTL_ENABLE_DEBUG_INFO = NO;
				SDKROOT = macosx;
			};
			name = Release;
		};
		72C0AE221CB46CA600328BC7 /* Debug */ = {
			isa = XCBuildConfiguration;
			buildSettings = {
				ASSETCATALOG_COMPILER_APPICON_NAME = AppIcon;
				COMBINE_HIDPI_IMAGES = YES;
				INFOPLIST_FILE = TurfGen/Info.plist;
				LD_RUNPATH_SEARCH_PATHS = "$(inherited) @executable_path/../Frameworks";
				PRODUCT_BUNDLE_IDENTIFIER = com.jordanhamill.TurfGen;
				PRODUCT_NAME = "$(TARGET_NAME)";
			};
			name = Debug;
		};
		72C0AE231CB46CA600328BC7 /* Release */ = {
			isa = XCBuildConfiguration;
			buildSettings = {
				ASSETCATALOG_COMPILER_APPICON_NAME = AppIcon;
				COMBINE_HIDPI_IMAGES = YES;
				INFOPLIST_FILE = TurfGen/Info.plist;
				LD_RUNPATH_SEARCH_PATHS = "$(inherited) @executable_path/../Frameworks";
				PRODUCT_BUNDLE_IDENTIFIER = com.jordanhamill.TurfGen;
				PRODUCT_NAME = "$(TARGET_NAME)";
			};
			name = Release;
		};
/* End XCBuildConfiguration section */

/* Begin XCConfigurationList section */
		72C0AE0F1CB46CA600328BC7 /* Build configuration list for PBXProject "TurfGen" */ = {
			isa = XCConfigurationList;
			buildConfigurations = (
				72C0AE1F1CB46CA600328BC7 /* Debug */,
				72C0AE201CB46CA600328BC7 /* Release */,
			);
			defaultConfigurationIsVisible = 0;
			defaultConfigurationName = Release;
		};
		72C0AE211CB46CA600328BC7 /* Build configuration list for PBXNativeTarget "TurfGen" */ = {
			isa = XCConfigurationList;
			buildConfigurations = (
				72C0AE221CB46CA600328BC7 /* Debug */,
				72C0AE231CB46CA600328BC7 /* Release */,
			);
			defaultConfigurationIsVisible = 0;
			defaultConfigurationName = Release;
		};
/* End XCConfigurationList section */
	};
	rootObject = 72C0AE0C1CB46CA600328BC7 /* Project object */;
}
